// !$*UTF8*$!
{
	archiveVersion = 1;
	classes = {
	};
	objectVersion = 46;
	objects = {

/* Begin PBXBuildFile section */
		341812781BFC5E5E00EA039A /* AssetsLibrary.framework in Frameworks */ = {isa = PBXBuildFile; fileRef = 341812771BFC5E5E00EA039A /* AssetsLibrary.framework */; };
		3467E4691BFB33FE00E3E589 /* main.m in Sources */ = {isa = PBXBuildFile; fileRef = 3467E4681BFB33FE00E3E589 /* main.m */; };
		3467E46C1BFB33FE00E3E589 /* AppDelegate.m in Sources */ = {isa = PBXBuildFile; fileRef = 3467E46B1BFB33FE00E3E589 /* AppDelegate.m */; };
		3467E46F1BFB33FE00E3E589 /* ViewController.m in Sources */ = {isa = PBXBuildFile; fileRef = 3467E46E1BFB33FE00E3E589 /* ViewController.m */; };
		3467E4721BFB33FE00E3E589 /* Main.storyboard in Resources */ = {isa = PBXBuildFile; fileRef = 3467E4701BFB33FE00E3E589 /* Main.storyboard */; };
		3467E4741BFB33FE00E3E589 /* Assets.xcassets in Resources */ = {isa = PBXBuildFile; fileRef = 3467E4731BFB33FE00E3E589 /* Assets.xcassets */; };
		3467E4771BFB33FE00E3E589 /* LaunchScreen.storyboard in Resources */ = {isa = PBXBuildFile; fileRef = 3467E4751BFB33FE00E3E589 /* LaunchScreen.storyboard */; };
		34A27D131BFEE1D60073F642 /* MobileCoreServices.framework in Frameworks */ = {isa = PBXBuildFile; fileRef = 34A27D121BFEE1D60073F642 /* MobileCoreServices.framework */; };
		34D910711C030E0500023E9C /* BEMAnimationManager.m in Sources */ = {isa = PBXBuildFile; fileRef = 34D910471C030E0500023E9C /* BEMAnimationManager.m */; };
		34D910721C030E0500023E9C /* BEMCheckBox.m in Sources */ = {isa = PBXBuildFile; fileRef = 34D910491C030E0500023E9C /* BEMCheckBox.m */; };
		34D910731C030E0500023E9C /* BEMPathManager.m in Sources */ = {isa = PBXBuildFile; fileRef = 34D9104B1C030E0500023E9C /* BEMPathManager.m */; };
		34D910741C030E0500023E9C /* ALAsset+YYCompare.m in Sources */ = {isa = PBXBuildFile; fileRef = 34D9104E1C030E0500023E9C /* ALAsset+YYCompare.m */; };
		34D910751C030E0500023E9C /* YYPictureCoreManager.m in Sources */ = {isa = PBXBuildFile; fileRef = 34D910511C030E0500023E9C /* YYPictureCoreManager.m */; };
		34D910761C030E0500023E9C /* YYPictureChooseView.m in Sources */ = {isa = PBXBuildFile; fileRef = 34D910531C030E0500023E9C /* YYPictureChooseView.m */; };
		34D910771C030E0500023E9C /* YYPictureViewAddCell.m in Sources */ = {isa = PBXBuildFile; fileRef = 34D910571C030E0500023E9C /* YYPictureViewAddCell.m */; };
		34D910781C030E0500023E9C /* YYPictureViewImageCell.m in Sources */ = {isa = PBXBuildFile; fileRef = 34D910591C030E0500023E9C /* YYPictureViewImageCell.m */; };
		34D910791C030E0500023E9C /* YYPictureDetailViewController.m in Sources */ = {isa = PBXBuildFile; fileRef = 34D9105B1C030E0500023E9C /* YYPictureDetailViewController.m */; };
		34D9107A1C030E0500023E9C /* YYPictureCaptureBottomView.m in Sources */ = {isa = PBXBuildFile; fileRef = 34D9105E1C030E0500023E9C /* YYPictureCaptureBottomView.m */; };
		34D9107B1C030E0500023E9C /* YYPictureNavigationController.m in Sources */ = {isa = PBXBuildFile; fileRef = 34D910601C030E0500023E9C /* YYPictureNavigationController.m */; };
		34D9107C1C030E0500023E9C /* YYPhotoAlbumDetailCollectionViewCell.m in Sources */ = {isa = PBXBuildFile; fileRef = 34D910641C030E0500023E9C /* YYPhotoAlbumDetailCollectionViewCell.m */; };
		34D9107D1C030E0500023E9C /* YYPictureCaptureCameraCollectionViewCell.m in Sources */ = {isa = PBXBuildFile; fileRef = 34D910661C030E0500023E9C /* YYPictureCaptureCameraCollectionViewCell.m */; };
		34D9107E1C030E0500023E9C /* YYPictureCaptureDetailCollectionViewCell.m in Sources */ = {isa = PBXBuildFile; fileRef = 34D910681C030E0500023E9C /* YYPictureCaptureDetailCollectionViewCell.m */; };
		34D9107F1C030E0500023E9C /* YYGridLayout.m in Sources */ = {isa = PBXBuildFile; fileRef = 34D9106A1C030E0500023E9C /* YYGridLayout.m */; };
		34D910801C030E0500023E9C /* YYPhotoAlbumDetailViewController.m in Sources */ = {isa = PBXBuildFile; fileRef = 34D9106C1C030E0500023E9C /* YYPhotoAlbumDetailViewController.m */; };
		34D910811C030E0500023E9C /* YYPhotoAlbumListViewController.m in Sources */ = {isa = PBXBuildFile; fileRef = 34D9106E1C030E0500023E9C /* YYPhotoAlbumListViewController.m */; };
		34D910821C030E0500023E9C /* YYPictureCaptureDetailViewController.m in Sources */ = {isa = PBXBuildFile; fileRef = 34D910701C030E0500023E9C /* YYPictureCaptureDetailViewController.m */; };
		34D9108B1C0311B000023E9C /* album_back@2x.png in Resources */ = {isa = PBXBuildFile; fileRef = 34D910861C0311B000023E9C /* album_back@2x.png */; };
		34D9108C1C0311B000023E9C /* camera_delete_image_icon@2x.png in Resources */ = {isa = PBXBuildFile; fileRef = 34D910871C0311B000023E9C /* camera_delete_image_icon@2x.png */; };
		34D9108D1C0311B000023E9C /* post_add_images_hover_icon@2x.png in Resources */ = {isa = PBXBuildFile; fileRef = 34D910881C0311B000023E9C /* post_add_images_hover_icon@2x.png */; };
		34D9108E1C0311B000023E9C /* post_add_images_icon@2x.png in Resources */ = {isa = PBXBuildFile; fileRef = 34D910891C0311B000023E9C /* post_add_images_icon@2x.png */; };
		34D9108F1C0311B000023E9C /* steppost_camera_icon2@2x.png in Resources */ = {isa = PBXBuildFile; fileRef = 34D9108A1C0311B000023E9C /* steppost_camera_icon2@2x.png */; };
/* End PBXBuildFile section */

/* Begin PBXFileReference section */
		341812771BFC5E5E00EA039A /* AssetsLibrary.framework */ = {isa = PBXFileReference; lastKnownFileType = wrapper.framework; name = AssetsLibrary.framework; path = System/Library/Frameworks/AssetsLibrary.framework; sourceTree = SDKROOT; };
		3467E4641BFB33FE00E3E589 /* YYPictureChooseViewDemo.app */ = {isa = PBXFileReference; explicitFileType = wrapper.application; includeInIndex = 0; path = YYPictureChooseViewDemo.app; sourceTree = BUILT_PRODUCTS_DIR; };
		3467E4681BFB33FE00E3E589 /* main.m */ = {isa = PBXFileReference; lastKnownFileType = sourcecode.c.objc; path = main.m; sourceTree = "<group>"; };
		3467E46A1BFB33FE00E3E589 /* AppDelegate.h */ = {isa = PBXFileReference; lastKnownFileType = sourcecode.c.h; path = AppDelegate.h; sourceTree = "<group>"; };
		3467E46B1BFB33FE00E3E589 /* AppDelegate.m */ = {isa = PBXFileReference; lastKnownFileType = sourcecode.c.objc; path = AppDelegate.m; sourceTree = "<group>"; };
		3467E46D1BFB33FE00E3E589 /* ViewController.h */ = {isa = PBXFileReference; lastKnownFileType = sourcecode.c.h; path = ViewController.h; sourceTree = "<group>"; };
		3467E46E1BFB33FE00E3E589 /* ViewController.m */ = {isa = PBXFileReference; lastKnownFileType = sourcecode.c.objc; path = ViewController.m; sourceTree = "<group>"; };
		3467E4711BFB33FE00E3E589 /* Base */ = {isa = PBXFileReference; lastKnownFileType = file.storyboard; name = Base; path = Base.lproj/Main.storyboard; sourceTree = "<group>"; };
		3467E4731BFB33FE00E3E589 /* Assets.xcassets */ = {isa = PBXFileReference; lastKnownFileType = folder.assetcatalog; path = Assets.xcassets; sourceTree = "<group>"; };
		3467E4761BFB33FE00E3E589 /* Base */ = {isa = PBXFileReference; lastKnownFileType = file.storyboard; name = Base; path = Base.lproj/LaunchScreen.storyboard; sourceTree = "<group>"; };
		3467E4781BFB33FE00E3E589 /* Info.plist */ = {isa = PBXFileReference; lastKnownFileType = text.plist.xml; path = Info.plist; sourceTree = "<group>"; };
		34A27D121BFEE1D60073F642 /* MobileCoreServices.framework */ = {isa = PBXFileReference; lastKnownFileType = wrapper.framework; name = MobileCoreServices.framework; path = System/Library/Frameworks/MobileCoreServices.framework; sourceTree = SDKROOT; };
		34D910461C030E0500023E9C /* BEMAnimationManager.h */ = {isa = PBXFileReference; fileEncoding = 4; lastKnownFileType = sourcecode.c.h; path = BEMAnimationManager.h; sourceTree = "<group>"; };
		34D910471C030E0500023E9C /* BEMAnimationManager.m */ = {isa = PBXFileReference; fileEncoding = 4; lastKnownFileType = sourcecode.c.objc; path = BEMAnimationManager.m; sourceTree = "<group>"; };
		34D910481C030E0500023E9C /* BEMCheckBox.h */ = {isa = PBXFileReference; fileEncoding = 4; lastKnownFileType = sourcecode.c.h; path = BEMCheckBox.h; sourceTree = "<group>"; };
		34D910491C030E0500023E9C /* BEMCheckBox.m */ = {isa = PBXFileReference; fileEncoding = 4; lastKnownFileType = sourcecode.c.objc; path = BEMCheckBox.m; sourceTree = "<group>"; };
		34D9104A1C030E0500023E9C /* BEMPathManager.h */ = {isa = PBXFileReference; fileEncoding = 4; lastKnownFileType = sourcecode.c.h; path = BEMPathManager.h; sourceTree = "<group>"; };
		34D9104B1C030E0500023E9C /* BEMPathManager.m */ = {isa = PBXFileReference; fileEncoding = 4; lastKnownFileType = sourcecode.c.objc; path = BEMPathManager.m; sourceTree = "<group>"; };
		34D9104D1C030E0500023E9C /* ALAsset+YYCompare.h */ = {isa = PBXFileReference; fileEncoding = 4; lastKnownFileType = sourcecode.c.h; path = "ALAsset+YYCompare.h"; sourceTree = "<group>"; };
		34D9104E1C030E0500023E9C /* ALAsset+YYCompare.m */ = {isa = PBXFileReference; fileEncoding = 4; lastKnownFileType = sourcecode.c.objc; path = "ALAsset+YYCompare.m"; sourceTree = "<group>"; };
		34D910501C030E0500023E9C /* YYPictureCoreManager.h */ = {isa = PBXFileReference; fileEncoding = 4; lastKnownFileType = sourcecode.c.h; path = YYPictureCoreManager.h; sourceTree = "<group>"; };
		34D910511C030E0500023E9C /* YYPictureCoreManager.m */ = {isa = PBXFileReference; fileEncoding = 4; lastKnownFileType = sourcecode.c.objc; path = YYPictureCoreManager.m; sourceTree = "<group>"; };
		34D910521C030E0500023E9C /* YYPictureChooseView.h */ = {isa = PBXFileReference; fileEncoding = 4; lastKnownFileType = sourcecode.c.h; path = YYPictureChooseView.h; sourceTree = "<group>"; };
		34D910531C030E0500023E9C /* YYPictureChooseView.m */ = {isa = PBXFileReference; fileEncoding = 4; lastKnownFileType = sourcecode.c.objc; path = YYPictureChooseView.m; sourceTree = "<group>"; };
		34D910561C030E0500023E9C /* YYPictureViewAddCell.h */ = {isa = PBXFileReference; fileEncoding = 4; lastKnownFileType = sourcecode.c.h; path = YYPictureViewAddCell.h; sourceTree = "<group>"; };
		34D910571C030E0500023E9C /* YYPictureViewAddCell.m */ = {isa = PBXFileReference; fileEncoding = 4; lastKnownFileType = sourcecode.c.objc; path = YYPictureViewAddCell.m; sourceTree = "<group>"; };
		34D910581C030E0500023E9C /* YYPictureViewImageCell.h */ = {isa = PBXFileReference; fileEncoding = 4; lastKnownFileType = sourcecode.c.h; path = YYPictureViewImageCell.h; sourceTree = "<group>"; };
		34D910591C030E0500023E9C /* YYPictureViewImageCell.m */ = {isa = PBXFileReference; fileEncoding = 4; lastKnownFileType = sourcecode.c.objc; path = YYPictureViewImageCell.m; sourceTree = "<group>"; };
		34D9105A1C030E0500023E9C /* YYPictureDetailViewController.h */ = {isa = PBXFileReference; fileEncoding = 4; lastKnownFileType = sourcecode.c.h; path = YYPictureDetailViewController.h; sourceTree = "<group>"; };
		34D9105B1C030E0500023E9C /* YYPictureDetailViewController.m */ = {isa = PBXFileReference; fileEncoding = 4; lastKnownFileType = sourcecode.c.objc; path = YYPictureDetailViewController.m; sourceTree = "<group>"; };
		34D9105D1C030E0500023E9C /* YYPictureCaptureBottomView.h */ = {isa = PBXFileReference; fileEncoding = 4; lastKnownFileType = sourcecode.c.h; path = YYPictureCaptureBottomView.h; sourceTree = "<group>"; };
		34D9105E1C030E0500023E9C /* YYPictureCaptureBottomView.m */ = {isa = PBXFileReference; fileEncoding = 4; lastKnownFileType = sourcecode.c.objc; path = YYPictureCaptureBottomView.m; sourceTree = "<group>"; };
		34D9105F1C030E0500023E9C /* YYPictureNavigationController.h */ = {isa = PBXFileReference; fileEncoding = 4; lastKnownFileType = sourcecode.c.h; path = YYPictureNavigationController.h; sourceTree = "<group>"; };
		34D910601C030E0500023E9C /* YYPictureNavigationController.m */ = {isa = PBXFileReference; fileEncoding = 4; lastKnownFileType = sourcecode.c.objc; path = YYPictureNavigationController.m; sourceTree = "<group>"; };
		34D910631C030E0500023E9C /* YYPhotoAlbumDetailCollectionViewCell.h */ = {isa = PBXFileReference; fileEncoding = 4; lastKnownFileType = sourcecode.c.h; path = YYPhotoAlbumDetailCollectionViewCell.h; sourceTree = "<group>"; };
		34D910641C030E0500023E9C /* YYPhotoAlbumDetailCollectionViewCell.m */ = {isa = PBXFileReference; fileEncoding = 4; lastKnownFileType = sourcecode.c.objc; path = YYPhotoAlbumDetailCollectionViewCell.m; sourceTree = "<group>"; };
		34D910651C030E0500023E9C /* YYPictureCaptureCameraCollectionViewCell.h */ = {isa = PBXFileReference; fileEncoding = 4; lastKnownFileType = sourcecode.c.h; path = YYPictureCaptureCameraCollectionViewCell.h; sourceTree = "<group>"; };
		34D910661C030E0500023E9C /* YYPictureCaptureCameraCollectionViewCell.m */ = {isa = PBXFileReference; fileEncoding = 4; lastKnownFileType = sourcecode.c.objc; path = YYPictureCaptureCameraCollectionViewCell.m; sourceTree = "<group>"; };
		34D910671C030E0500023E9C /* YYPictureCaptureDetailCollectionViewCell.h */ = {isa = PBXFileReference; fileEncoding = 4; lastKnownFileType = sourcecode.c.h; path = YYPictureCaptureDetailCollectionViewCell.h; sourceTree = "<group>"; };
		34D910681C030E0500023E9C /* YYPictureCaptureDetailCollectionViewCell.m */ = {isa = PBXFileReference; fileEncoding = 4; lastKnownFileType = sourcecode.c.objc; path = YYPictureCaptureDetailCollectionViewCell.m; sourceTree = "<group>"; };
		34D910691C030E0500023E9C /* YYGridLayout.h */ = {isa = PBXFileReference; fileEncoding = 4; lastKnownFileType = sourcecode.c.h; path = YYGridLayout.h; sourceTree = "<group>"; };
		34D9106A1C030E0500023E9C /* YYGridLayout.m */ = {isa = PBXFileReference; fileEncoding = 4; lastKnownFileType = sourcecode.c.objc; path = YYGridLayout.m; sourceTree = "<group>"; };
		34D9106B1C030E0500023E9C /* YYPhotoAlbumDetailViewController.h */ = {isa = PBXFileReference; fileEncoding = 4; lastKnownFileType = sourcecode.c.h; path = YYPhotoAlbumDetailViewController.h; sourceTree = "<group>"; };
		34D9106C1C030E0500023E9C /* YYPhotoAlbumDetailViewController.m */ = {isa = PBXFileReference; fileEncoding = 4; lastKnownFileType = sourcecode.c.objc; path = YYPhotoAlbumDetailViewController.m; sourceTree = "<group>"; };
		34D9106D1C030E0500023E9C /* YYPhotoAlbumListViewController.h */ = {isa = PBXFileReference; fileEncoding = 4; lastKnownFileType = sourcecode.c.h; path = YYPhotoAlbumListViewController.h; sourceTree = "<group>"; };
		34D9106E1C030E0500023E9C /* YYPhotoAlbumListViewController.m */ = {isa = PBXFileReference; fileEncoding = 4; lastKnownFileType = sourcecode.c.objc; path = YYPhotoAlbumListViewController.m; sourceTree = "<group>"; };
		34D9106F1C030E0500023E9C /* YYPictureCaptureDetailViewController.h */ = {isa = PBXFileReference; fileEncoding = 4; lastKnownFileType = sourcecode.c.h; path = YYPictureCaptureDetailViewController.h; sourceTree = "<group>"; };
		34D910701C030E0500023E9C /* YYPictureCaptureDetailViewController.m */ = {isa = PBXFileReference; fileEncoding = 4; lastKnownFileType = sourcecode.c.objc; path = YYPictureCaptureDetailViewController.m; sourceTree = "<group>"; };
		34D910861C0311B000023E9C /* album_back@2x.png */ = {isa = PBXFileReference; lastKnownFileType = image.png; path = "album_back@2x.png"; sourceTree = "<group>"; };
		34D910871C0311B000023E9C /* camera_delete_image_icon@2x.png */ = {isa = PBXFileReference; lastKnownFileType = image.png; path = "camera_delete_image_icon@2x.png"; sourceTree = "<group>"; };
		34D910881C0311B000023E9C /* post_add_images_hover_icon@2x.png */ = {isa = PBXFileReference; lastKnownFileType = image.png; path = "post_add_images_hover_icon@2x.png"; sourceTree = "<group>"; };
		34D910891C0311B000023E9C /* post_add_images_icon@2x.png */ = {isa = PBXFileReference; lastKnownFileType = image.png; path = "post_add_images_icon@2x.png"; sourceTree = "<group>"; };
		34D9108A1C0311B000023E9C /* steppost_camera_icon2@2x.png */ = {isa = PBXFileReference; lastKnownFileType = image.png; path = "steppost_camera_icon2@2x.png"; sourceTree = "<group>"; };
/* End PBXFileReference section */

/* Begin PBXFrameworksBuildPhase section */
		3467E4611BFB33FD00E3E589 /* Frameworks */ = {
			isa = PBXFrameworksBuildPhase;
			buildActionMask = 2147483647;
			files = (
				34A27D131BFEE1D60073F642 /* MobileCoreServices.framework in Frameworks */,
				341812781BFC5E5E00EA039A /* AssetsLibrary.framework in Frameworks */,
			);
			runOnlyForDeploymentPostprocessing = 0;
		};
/* End PBXFrameworksBuildPhase section */

/* Begin PBXGroup section */
		3467E45B1BFB33FD00E3E589 = {
			isa = PBXGroup;
			children = (
				34A27D121BFEE1D60073F642 /* MobileCoreServices.framework */,
				341812771BFC5E5E00EA039A /* AssetsLibrary.framework */,
				3467E4661BFB33FE00E3E589 /* YYPictureChooseViewDemo */,
				3467E4651BFB33FE00E3E589 /* Products */,
			);
			sourceTree = "<group>";
		};
		3467E4651BFB33FE00E3E589 /* Products */ = {
			isa = PBXGroup;
			children = (
				3467E4641BFB33FE00E3E589 /* YYPictureChooseViewDemo.app */,
			);
			name = Products;
			sourceTree = "<group>";
		};
		3467E4661BFB33FE00E3E589 /* YYPictureChooseViewDemo */ = {
			isa = PBXGroup;
			children = (
				34D910441C030E0500023E9C /* YYPictureChooseView */,
				3467E46A1BFB33FE00E3E589 /* AppDelegate.h */,
				3467E46B1BFB33FE00E3E589 /* AppDelegate.m */,
				3467E46D1BFB33FE00E3E589 /* ViewController.h */,
				3467E46E1BFB33FE00E3E589 /* ViewController.m */,
				3467E4701BFB33FE00E3E589 /* Main.storyboard */,
				3467E4731BFB33FE00E3E589 /* Assets.xcassets */,
				3467E4751BFB33FE00E3E589 /* LaunchScreen.storyboard */,
				3467E4781BFB33FE00E3E589 /* Info.plist */,
				3467E4671BFB33FE00E3E589 /* Supporting Files */,
			);
			path = YYPictureChooseViewDemo;
			sourceTree = "<group>";
		};
		3467E4671BFB33FE00E3E589 /* Supporting Files */ = {
			isa = PBXGroup;
			children = (
				3467E4681BFB33FE00E3E589 /* main.m */,
			);
			name = "Supporting Files";
			sourceTree = "<group>";
		};
		34D910441C030E0500023E9C /* YYPictureChooseView */ = {
			isa = PBXGroup;
			children = (
				34D910851C0311B000023E9C /* image */,
				34D910451C030E0500023E9C /* BEMCheckBox */,
				34D9104C1C030E0500023E9C /* Category */,
				34D9104F1C030E0500023E9C /* Core */,
				34D910521C030E0500023E9C /* YYPictureChooseView.h */,
				34D910531C030E0500023E9C /* YYPictureChooseView.m */,
				34D910541C030E0500023E9C /* YYPictureDetail */,
				34D9105C1C030E0500023E9C /* YYPictureNavigation */,
				34D910611C030E0500023E9C /* YYPicturePhotoAlbum */,
			);
			path = YYPictureChooseView;
			sourceTree = "<group>";
		};
		34D910451C030E0500023E9C /* BEMCheckBox */ = {
			isa = PBXGroup;
			children = (
				34D910461C030E0500023E9C /* BEMAnimationManager.h */,
				34D910471C030E0500023E9C /* BEMAnimationManager.m */,
				34D910481C030E0500023E9C /* BEMCheckBox.h */,
				34D910491C030E0500023E9C /* BEMCheckBox.m */,
				34D9104A1C030E0500023E9C /* BEMPathManager.h */,
				34D9104B1C030E0500023E9C /* BEMPathManager.m */,
			);
			path = BEMCheckBox;
			sourceTree = "<group>";
		};
		34D9104C1C030E0500023E9C /* Category */ = {
			isa = PBXGroup;
			children = (
				34D9104D1C030E0500023E9C /* ALAsset+YYCompare.h */,
				34D9104E1C030E0500023E9C /* ALAsset+YYCompare.m */,
			);
			path = Category;
			sourceTree = "<group>";
		};
		34D9104F1C030E0500023E9C /* Core */ = {
			isa = PBXGroup;
			children = (
				34D910501C030E0500023E9C /* YYPictureCoreManager.h */,
				34D910511C030E0500023E9C /* YYPictureCoreManager.m */,
			);
			path = Core;
			sourceTree = "<group>";
		};
		34D910541C030E0500023E9C /* YYPictureDetail */ = {
			isa = PBXGroup;
			children = (
				34D910551C030E0500023E9C /* cell */,
				34D9105A1C030E0500023E9C /* YYPictureDetailViewController.h */,
				34D9105B1C030E0500023E9C /* YYPictureDetailViewController.m */,
			);
			path = YYPictureDetail;
			sourceTree = "<group>";
		};
		34D910551C030E0500023E9C /* cell */ = {
			isa = PBXGroup;
			children = (
				34D910561C030E0500023E9C /* YYPictureViewAddCell.h */,
				34D910571C030E0500023E9C /* YYPictureViewAddCell.m */,
				34D910581C030E0500023E9C /* YYPictureViewImageCell.h */,
				34D910591C030E0500023E9C /* YYPictureViewImageCell.m */,
			);
			path = cell;
			sourceTree = "<group>";
		};
		34D9105C1C030E0500023E9C /* YYPictureNavigation */ = {
			isa = PBXGroup;
			children = (
				34D9105D1C030E0500023E9C /* YYPictureCaptureBottomView.h */,
				34D9105E1C030E0500023E9C /* YYPictureCaptureBottomView.m */,
				34D9105F1C030E0500023E9C /* YYPictureNavigationController.h */,
				34D910601C030E0500023E9C /* YYPictureNavigationController.m */,
			);
			path = YYPictureNavigation;
			sourceTree = "<group>";
		};
		34D910611C030E0500023E9C /* YYPicturePhotoAlbum */ = {
			isa = PBXGroup;
			children = (
				34D910621C030E0500023E9C /* cell */,
				34D910691C030E0500023E9C /* YYGridLayout.h */,
				34D9106A1C030E0500023E9C /* YYGridLayout.m */,
				34D9106B1C030E0500023E9C /* YYPhotoAlbumDetailViewController.h */,
				34D9106C1C030E0500023E9C /* YYPhotoAlbumDetailViewController.m */,
				34D9106D1C030E0500023E9C /* YYPhotoAlbumListViewController.h */,
				34D9106E1C030E0500023E9C /* YYPhotoAlbumListViewController.m */,
				34D9106F1C030E0500023E9C /* YYPictureCaptureDetailViewController.h */,
				34D910701C030E0500023E9C /* YYPictureCaptureDetailViewController.m */,
			);
			path = YYPicturePhotoAlbum;
			sourceTree = "<group>";
		};
		34D910621C030E0500023E9C /* cell */ = {
			isa = PBXGroup;
			children = (
				34D910631C030E0500023E9C /* YYPhotoAlbumDetailCollectionViewCell.h */,
				34D910641C030E0500023E9C /* YYPhotoAlbumDetailCollectionViewCell.m */,
				34D910651C030E0500023E9C /* YYPictureCaptureCameraCollectionViewCell.h */,
				34D910661C030E0500023E9C /* YYPictureCaptureCameraCollectionViewCell.m */,
				34D910671C030E0500023E9C /* YYPictureCaptureDetailCollectionViewCell.h */,
				34D910681C030E0500023E9C /* YYPictureCaptureDetailCollectionViewCell.m */,
			);
			path = cell;
			sourceTree = "<group>";
		};
		34D910851C0311B000023E9C /* image */ = {
			isa = PBXGroup;
			children = (
				34D910861C0311B000023E9C /* album_back@2x.png */,
				34D910871C0311B000023E9C /* camera_delete_image_icon@2x.png */,
				34D910881C0311B000023E9C /* post_add_images_hover_icon@2x.png */,
				34D910891C0311B000023E9C /* post_add_images_icon@2x.png */,
				34D9108A1C0311B000023E9C /* steppost_camera_icon2@2x.png */,
			);
			path = image;
			sourceTree = "<group>";
		};
/* End PBXGroup section */

/* Begin PBXNativeTarget section */
		3467E4631BFB33FD00E3E589 /* YYPictureChooseViewDemo */ = {
			isa = PBXNativeTarget;
			buildConfigurationList = 3467E47B1BFB33FE00E3E589 /* Build configuration list for PBXNativeTarget "YYPictureChooseViewDemo" */;
			buildPhases = (
				3467E4601BFB33FD00E3E589 /* Sources */,
				3467E4611BFB33FD00E3E589 /* Frameworks */,
				3467E4621BFB33FD00E3E589 /* Resources */,
			);
			buildRules = (
			);
			dependencies = (
			);
			name = YYPictureChooseViewDemo;
			productName = YYPictureChooseViewDemo;
			productReference = 3467E4641BFB33FE00E3E589 /* YYPictureChooseViewDemo.app */;
			productType = "com.apple.product-type.application";
		};
/* End PBXNativeTarget section */

/* Begin PBXProject section */
		3467E45C1BFB33FD00E3E589 /* Project object */ = {
			isa = PBXProject;
			attributes = {
				LastUpgradeCheck = 0710;
				ORGANIZATIONNAME = leju;
				TargetAttributes = {
					3467E4631BFB33FD00E3E589 = {
						CreatedOnToolsVersion = 7.1.1;
					};
				};
			};
			buildConfigurationList = 3467E45F1BFB33FD00E3E589 /* Build configuration list for PBXProject "YYPictureChooseViewDemo" */;
			compatibilityVersion = "Xcode 3.2";
			developmentRegion = English;
			hasScannedForEncodings = 0;
			knownRegions = (
				en,
				Base,
			);
			mainGroup = 3467E45B1BFB33FD00E3E589;
			productRefGroup = 3467E4651BFB33FE00E3E589 /* Products */;
			projectDirPath = "";
			projectRoot = "";
			targets = (
				3467E4631BFB33FD00E3E589 /* YYPictureChooseViewDemo */,
			);
		};
/* End PBXProject section */

/* Begin PBXResourcesBuildPhase section */
		3467E4621BFB33FD00E3E589 /* Resources */ = {
			isa = PBXResourcesBuildPhase;
			buildActionMask = 2147483647;
			files = (
				34D9108D1C0311B000023E9C /* post_add_images_hover_icon@2x.png in Resources */,
				34D9108E1C0311B000023E9C /* post_add_images_icon@2x.png in Resources */,
				34D9108C1C0311B000023E9C /* camera_delete_image_icon@2x.png in Resources */,
				3467E4771BFB33FE00E3E589 /* LaunchScreen.storyboard in Resources */,
				3467E4741BFB33FE00E3E589 /* Assets.xcassets in Resources */,
				34D9108F1C0311B000023E9C /* steppost_camera_icon2@2x.png in Resources */,
				3467E4721BFB33FE00E3E589 /* Main.storyboard in Resources */,
				34D9108B1C0311B000023E9C /* album_back@2x.png in Resources */,
			);
			runOnlyForDeploymentPostprocessing = 0;
		};
/* End PBXResourcesBuildPhase section */

/* Begin PBXSourcesBuildPhase section */
		3467E4601BFB33FD00E3E589 /* Sources */ = {
			isa = PBXSourcesBuildPhase;
			buildActionMask = 2147483647;
			files = (
				3467E46F1BFB33FE00E3E589 /* ViewController.m in Sources */,
				34D910801C030E0500023E9C /* YYPhotoAlbumDetailViewController.m in Sources */,
				34D910731C030E0500023E9C /* BEMPathManager.m in Sources */,
				34D910761C030E0500023E9C /* YYPictureChooseView.m in Sources */,
				34D910741C030E0500023E9C /* ALAsset+YYCompare.m in Sources */,
				34D910751C030E0500023E9C /* YYPictureCoreManager.m in Sources */,
				34D910811C030E0500023E9C /* YYPhotoAlbumListViewController.m in Sources */,
				34D9107E1C030E0500023E9C /* YYPictureCaptureDetailCollectionViewCell.m in Sources */,
				3467E46C1BFB33FE00E3E589 /* AppDelegate.m in Sources */,
				34D910781C030E0500023E9C /* YYPictureViewImageCell.m in Sources */,
				34D9107D1C030E0500023E9C /* YYPictureCaptureCameraCollectionViewCell.m in Sources */,
				34D9107A1C030E0500023E9C /* YYPictureCaptureBottomView.m in Sources */,
				3467E4691BFB33FE00E3E589 /* main.m in Sources */,
				34D9107F1C030E0500023E9C /* YYGridLayout.m in Sources */,
				34D910771C030E0500023E9C /* YYPictureViewAddCell.m in Sources */,
				34D910821C030E0500023E9C /* YYPictureCaptureDetailViewController.m in Sources */,
				34D9107B1C030E0500023E9C /* YYPictureNavigationController.m in Sources */,
				34D910711C030E0500023E9C /* BEMAnimationManager.m in Sources */,
				34D910791C030E0500023E9C /* YYPictureDetailViewController.m in Sources */,
				34D9107C1C030E0500023E9C /* YYPhotoAlbumDetailCollectionViewCell.m in Sources */,
				34D910721C030E0500023E9C /* BEMCheckBox.m in Sources */,
			);
			runOnlyForDeploymentPostprocessing = 0;
		};
/* End PBXSourcesBuildPhase section */

/* Begin PBXVariantGroup section */
		3467E4701BFB33FE00E3E589 /* Main.storyboard */ = {
			isa = PBXVariantGroup;
			children = (
				3467E4711BFB33FE00E3E589 /* Base */,
			);
			name = Main.storyboard;
			sourceTree = "<group>";
		};
		3467E4751BFB33FE00E3E589 /* LaunchScreen.storyboard */ = {
			isa = PBXVariantGroup;
			children = (
				3467E4761BFB33FE00E3E589 /* Base */,
			);
			name = LaunchScreen.storyboard;
			sourceTree = "<group>";
		};
/* End PBXVariantGroup section */

/* Begin XCBuildConfiguration section */
		3467E4791BFB33FE00E3E589 /* Debug */ = {
			isa = XCBuildConfiguration;
			buildSettings = {
				ALWAYS_SEARCH_USER_PATHS = NO;
				CLANG_CXX_LANGUAGE_STANDARD = "gnu++0x";
				CLANG_CXX_LIBRARY = "libc++";
				CLANG_ENABLE_MODULES = YES;
				CLANG_ENABLE_OBJC_ARC = YES;
				CLANG_WARN_BOOL_CONVERSION = YES;
				CLANG_WARN_CONSTANT_CONVERSION = YES;
				CLANG_WARN_DIRECT_OBJC_ISA_USAGE = YES_ERROR;
				CLANG_WARN_EMPTY_BODY = YES;
				CLANG_WARN_ENUM_CONVERSION = YES;
				CLANG_WARN_INT_CONVERSION = YES;
				CLANG_WARN_OBJC_ROOT_CLASS = YES_ERROR;
				CLANG_WARN_UNREACHABLE_CODE = YES;
				CLANG_WARN__DUPLICATE_METHOD_MATCH = YES;
				"CODE_SIGN_IDENTITY[sdk=iphoneos*]" = "iPhone Developer";
				COPY_PHASE_STRIP = NO;
				DEBUG_INFORMATION_FORMAT = dwarf;
				ENABLE_STRICT_OBJC_MSGSEND = YES;
				ENABLE_TESTABILITY = YES;
				GCC_C_LANGUAGE_STANDARD = gnu99;
				GCC_DYNAMIC_NO_PIC = NO;
				GCC_NO_COMMON_BLOCKS = YES;
				GCC_OPTIMIZATION_LEVEL = 0;
				GCC_PREPROCESSOR_DEFINITIONS = (
					"DEBUG=1",
					"$(inherited)",
				);
				GCC_WARN_64_TO_32_BIT_CONVERSION = YES;
				GCC_WARN_ABOUT_RETURN_TYPE = YES_ERROR;
				GCC_WARN_UNDECLARED_SELECTOR = YES;
				GCC_WARN_UNINITIALIZED_AUTOS = YES_AGGRESSIVE;
				GCC_WARN_UNUSED_FUNCTION = YES;
				GCC_WARN_UNUSED_VARIABLE = YES;
				IPHONEOS_DEPLOYMENT_TARGET = 9.1;
				MTL_ENABLE_DEBUG_INFO = YES;
				ONLY_ACTIVE_ARCH = YES;
				SDKROOT = iphoneos;
			};
			name = Debug;
		};
		3467E47A1BFB33FE00E3E589 /* Release */ = {
			isa = XCBuildConfiguration;
			buildSettings = {
				ALWAYS_SEARCH_USER_PATHS = NO;
				CLANG_CXX_LANGUAGE_STANDARD = "gnu++0x";
				CLANG_CXX_LIBRARY = "libc++";
				CLANG_ENABLE_MODULES = YES;
				CLANG_ENABLE_OBJC_ARC = YES;
				CLANG_WARN_BOOL_CONVERSION = YES;
				CLANG_WARN_CONSTANT_CONVERSION = YES;
				CLANG_WARN_DIRECT_OBJC_ISA_USAGE = YES_ERROR;
				CLANG_WARN_EMPTY_BODY = YES;
				CLANG_WARN_ENUM_CONVERSION = YES;
				CLANG_WARN_INT_CONVERSION = YES;
				CLANG_WARN_OBJC_ROOT_CLASS = YES_ERROR;
				CLANG_WARN_UNREACHABLE_CODE = YES;
				CLANG_WARN__DUPLICATE_METHOD_MATCH = YES;
				"CODE_SIGN_IDENTITY[sdk=iphoneos*]" = "iPhone Developer";
				COPY_PHASE_STRIP = NO;
				DEBUG_INFORMATION_FORMAT = "dwarf-with-dsym";
				ENABLE_NS_ASSERTIONS = NO;
				ENABLE_STRICT_OBJC_MSGSEND = YES;
				GCC_C_LANGUAGE_STANDARD = gnu99;
				GCC_NO_COMMON_BLOCKS = YES;
				GCC_WARN_64_TO_32_BIT_CONVERSION = YES;
				GCC_WARN_ABOUT_RETURN_TYPE = YES_ERROR;
				GCC_WARN_UNDECLARED_SELECTOR = YES;
				GCC_WARN_UNINITIALIZED_AUTOS = YES_AGGRESSIVE;
				GCC_WARN_UNUSED_FUNCTION = YES;
				GCC_WARN_UNUSED_VARIABLE = YES;
				IPHONEOS_DEPLOYMENT_TARGET = 9.1;
				MTL_ENABLE_DEBUG_INFO = NO;
				SDKROOT = iphoneos;
				VALIDATE_PRODUCT = YES;
			};
			name = Release;
		};
		3467E47C1BFB33FE00E3E589 /* Debug */ = {
			isa = XCBuildConfiguration;
			buildSettings = {
				ASSETCATALOG_COMPILER_APPICON_NAME = AppIcon;
				INFOPLIST_FILE = YYPictureChooseViewDemo/Info.plist;
				IPHONEOS_DEPLOYMENT_TARGET = 8.1;
				LD_RUNPATH_SEARCH_PATHS = "$(inherited) @executable_path/Frameworks";
				PRODUCT_BUNDLE_IDENTIFIER = com.leju.YYPictureChooseViewDemo;
				PRODUCT_NAME = "$(TARGET_NAME)";
			};
			name = Debug;
		};
		3467E47D1BFB33FE00E3E589 /* Release */ = {
			isa = XCBuildConfiguration;
			buildSettings = {
				ASSETCATALOG_COMPILER_APPICON_NAME = AppIcon;
				INFOPLIST_FILE = YYPictureChooseViewDemo/Info.plist;
				IPHONEOS_DEPLOYMENT_TARGET = 8.1;
				LD_RUNPATH_SEARCH_PATHS = "$(inherited) @executable_path/Frameworks";
				PRODUCT_BUNDLE_IDENTIFIER = com.leju.YYPictureChooseViewDemo;
				PRODUCT_NAME = "$(TARGET_NAME)";
			};
			name = Release;
		};
/* End XCBuildConfiguration section */

/* Begin XCConfigurationList section */
		3467E45F1BFB33FD00E3E589 /* Build configuration list for PBXProject "YYPictureChooseViewDemo" */ = {
			isa = XCConfigurationList;
			buildConfigurations = (
				3467E4791BFB33FE00E3E589 /* Debug */,
				3467E47A1BFB33FE00E3E589 /* Release */,
			);
			defaultConfigurationIsVisible = 0;
			defaultConfigurationName = Release;
		};
		3467E47B1BFB33FE00E3E589 /* Build configuration list for PBXNativeTarget "YYPictureChooseViewDemo" */ = {
			isa = XCConfigurationList;
			buildConfigurations = (
				3467E47C1BFB33FE00E3E589 /* Debug */,
				3467E47D1BFB33FE00E3E589 /* Release */,
			);
			defaultConfigurationIsVisible = 0;
			defaultConfigurationName = Release;
		};
/* End XCConfigurationList section */
	};
	rootObject = 3467E45C1BFB33FD00E3E589 /* Project object */;
}
